
Microsoft Visual Studio Solution File, Format Version 12.00
# Visual Studio 2012
VisualStudioVersion = 12.0.31101.0
MinimumVisualStudioVersion = 10.0.40219.1
Project("{2150E333-8FDC-42A3-9474-1A3956D46DE8}") = "Solution Items", "Solution Items", "{1199197B-7C01-431F-BE10-649699A9D6FB}"
	ProjectSection(SolutionItems) = preProject
		.nuget\NuGet.Config = .nuget\NuGet.Config
	EndProjectSection
EndProject
Project("{FAE04EC0-301F-11D3-BF4B-00C04F79EFBC}") = "mobile.pages", "Mobile\Mobile.Forms\mobile.pages.csproj", "{E127E62A-29AD-4E55-B86F-547D1501E500}"
EndProject
Project("{FAE04EC0-301F-11D3-BF4B-00C04F79EFBC}") = "mobile.droid", "Mobile\Mobile.Droid\mobile.droid.csproj", "{C5F9174B-0836-4C4A-997F-397D7F32AD19}"
EndProject
Project("{FAE04EC0-301F-11D3-BF4B-00C04F79EFBC}") = "mobile.app.ios", "Mobile\Mobile.IOS\mobile.app.ios.csproj", "{011A9C37-8011-4D7C-B92C-A86FC8CF6AA2}"
EndProject
Global
	GlobalSection(SolutionConfigurationPlatforms) = preSolution
		Ad-Hoc|Any CPU = Ad-Hoc|Any CPU
		Ad-Hoc|ARM = Ad-Hoc|ARM
		Ad-Hoc|iPhone = Ad-Hoc|iPhone
		Ad-Hoc|iPhoneSimulator = Ad-Hoc|iPhoneSimulator
		Ad-Hoc|Mixed Platforms = Ad-Hoc|Mixed Platforms
		Ad-Hoc|x86 = Ad-Hoc|x86
		AppStore|Any CPU = AppStore|Any CPU
		AppStore|ARM = AppStore|ARM
		AppStore|iPhone = AppStore|iPhone
		AppStore|iPhoneSimulator = AppStore|iPhoneSimulator
		AppStore|Mixed Platforms = AppStore|Mixed Platforms
		AppStore|x86 = AppStore|x86
		Debug|Any CPU = Debug|Any CPU
		Debug|ARM = Debug|ARM
		Debug|iPhone = Debug|iPhone
		Debug|iPhoneSimulator = Debug|iPhoneSimulator
		Debug|Mixed Platforms = Debug|Mixed Platforms
		Debug|x86 = Debug|x86
		Release|Any CPU = Release|Any CPU
		Release|ARM = Release|ARM
		Release|iPhone = Release|iPhone
		Release|iPhoneSimulator = Release|iPhoneSimulator
		Release|Mixed Platforms = Release|Mixed Platforms
		Release|x86 = Release|x86
	EndGlobalSection
	GlobalSection(ProjectConfigurationPlatforms) = postSolution
		{011A9C37-8011-4D7C-B92C-A86FC8CF6AA2}.Ad-Hoc|Any CPU.ActiveCfg = Ad-Hoc|iPhone
		{011A9C37-8011-4D7C-B92C-A86FC8CF6AA2}.Ad-Hoc|Any CPU.Build.0 = Ad-Hoc|iPhone
		{011A9C37-8011-4D7C-B92C-A86FC8CF6AA2}.Ad-Hoc|ARM.ActiveCfg = Ad-Hoc|iPhone
		{011A9C37-8011-4D7C-B92C-A86FC8CF6AA2}.Ad-Hoc|ARM.Build.0 = Ad-Hoc|iPhone
		{011A9C37-8011-4D7C-B92C-A86FC8CF6AA2}.Ad-Hoc|iPhone.ActiveCfg = Ad-Hoc|iPhone
		{011A9C37-8011-4D7C-B92C-A86FC8CF6AA2}.Ad-Hoc|iPhone.Build.0 = Ad-Hoc|iPhone
		{011A9C37-8011-4D7C-B92C-A86FC8CF6AA2}.Ad-Hoc|iPhoneSimulator.ActiveCfg = Debug|iPhoneSimulator
		{011A9C37-8011-4D7C-B92C-A86FC8CF6AA2}.Ad-Hoc|iPhoneSimulator.Build.0 = Debug|iPhoneSimulator
		{011A9C37-8011-4D7C-B92C-A86FC8CF6AA2}.Ad-Hoc|Mixed Platforms.ActiveCfg = Ad-Hoc|iPhone
		{011A9C37-8011-4D7C-B92C-A86FC8CF6AA2}.Ad-Hoc|Mixed Platforms.Build.0 = Ad-Hoc|iPhone
		{011A9C37-8011-4D7C-B92C-A86FC8CF6AA2}.Ad-Hoc|x86.ActiveCfg = Ad-Hoc|iPhone
		{011A9C37-8011-4D7C-B92C-A86FC8CF6AA2}.Ad-Hoc|x86.Build.0 = Ad-Hoc|iPhone
		{011A9C37-8011-4D7C-B92C-A86FC8CF6AA2}.AppStore|Any CPU.ActiveCfg = AppStore|iPhone
		{011A9C37-8011-4D7C-B92C-A86FC8CF6AA2}.AppStore|Any CPU.Build.0 = AppStore|iPhone
		{011A9C37-8011-4D7C-B92C-A86FC8CF6AA2}.AppStore|ARM.ActiveCfg = AppStore|iPhone
		{011A9C37-8011-4D7C-B92C-A86FC8CF6AA2}.AppStore|ARM.Build.0 = AppStore|iPhone
		{011A9C37-8011-4D7C-B92C-A86FC8CF6AA2}.AppStore|iPhone.ActiveCfg = AppStore|iPhone
		{011A9C37-8011-4D7C-B92C-A86FC8CF6AA2}.AppStore|iPhone.Build.0 = AppStore|iPhone
		{011A9C37-8011-4D7C-B92C-A86FC8CF6AA2}.AppStore|iPhoneSimulator.ActiveCfg = Debug|iPhoneSimulator
		{011A9C37-8011-4D7C-B92C-A86FC8CF6AA2}.AppStore|iPhoneSimulator.Build.0 = Debug|iPhoneSimulator
		{011A9C37-8011-4D7C-B92C-A86FC8CF6AA2}.AppStore|Mixed Platforms.ActiveCfg = AppStore|iPhone
		{011A9C37-8011-4D7C-B92C-A86FC8CF6AA2}.AppStore|Mixed Platforms.Build.0 = AppStore|iPhone
		{011A9C37-8011-4D7C-B92C-A86FC8CF6AA2}.AppStore|x86.ActiveCfg = AppStore|iPhone
		{011A9C37-8011-4D7C-B92C-A86FC8CF6AA2}.AppStore|x86.Build.0 = AppStore|iPhone
		{011A9C37-8011-4D7C-B92C-A86FC8CF6AA2}.Debug|Any CPU.ActiveCfg = Debug|iPhoneSimulator
		{011A9C37-8011-4D7C-B92C-A86FC8CF6AA2}.Debug|Any CPU.Build.0 = Debug|iPhoneSimulator
		{011A9C37-8011-4D7C-B92C-A86FC8CF6AA2}.Debug|ARM.ActiveCfg = Debug|iPhoneSimulator
		{011A9C37-8011-4D7C-B92C-A86FC8CF6AA2}.Debug|ARM.Build.0 = Debug|iPhoneSimulator
		{011A9C37-8011-4D7C-B92C-A86FC8CF6AA2}.Debug|iPhone.ActiveCfg = Debug|iPhone
		{011A9C37-8011-4D7C-B92C-A86FC8CF6AA2}.Debug|iPhone.Build.0 = Debug|iPhone
		{011A9C37-8011-4D7C-B92C-A86FC8CF6AA2}.Debug|iPhoneSimulator.ActiveCfg = Debug|iPhoneSimulator
		{011A9C37-8011-4D7C-B92C-A86FC8CF6AA2}.Debug|iPhoneSimulator.Build.0 = Debug|iPhoneSimulator
		{011A9C37-8011-4D7C-B92C-A86FC8CF6AA2}.Debug|Mixed Platforms.ActiveCfg = Debug|iPhoneSimulator
		{011A9C37-8011-4D7C-B92C-A86FC8CF6AA2}.Debug|Mixed Platforms.Build.0 = Debug|iPhoneSimulator
		{011A9C37-8011-4D7C-B92C-A86FC8CF6AA2}.Debug|x86.ActiveCfg = Debug|iPhoneSimulator
		{011A9C37-8011-4D7C-B92C-A86FC8CF6AA2}.Debug|x86.Build.0 = Debug|iPhoneSimulator
		{011A9C37-8011-4D7C-B92C-A86FC8CF6AA2}.Release|Any CPU.ActiveCfg = Release|iPhoneSimulator
		{011A9C37-8011-4D7C-B92C-A86FC8CF6AA2}.Release|Any CPU.Build.0 = Release|iPhoneSimulator
		{011A9C37-8011-4D7C-B92C-A86FC8CF6AA2}.Release|ARM.ActiveCfg = Release|iPhoneSimulator
		{011A9C37-8011-4D7C-B92C-A86FC8CF6AA2}.Release|ARM.Build.0 = Release|iPhoneSimulator
		{011A9C37-8011-4D7C-B92C-A86FC8CF6AA2}.Release|iPhone.ActiveCfg = Release|iPhone
		{011A9C37-8011-4D7C-B92C-A86FC8CF6AA2}.Release|iPhone.Build.0 = Release|iPhone
		{011A9C37-8011-4D7C-B92C-A86FC8CF6AA2}.Release|iPhoneSimulator.ActiveCfg = Release|iPhoneSimulator
		{011A9C37-8011-4D7C-B92C-A86FC8CF6AA2}.Release|iPhoneSimulator.Build.0 = Release|iPhoneSimulator
		{011A9C37-8011-4D7C-B92C-A86FC8CF6AA2}.Release|Mixed Platforms.ActiveCfg = Release|iPhoneSimulator
		{011A9C37-8011-4D7C-B92C-A86FC8CF6AA2}.Release|Mixed Platforms.Build.0 = Release|iPhoneSimulator
		{011A9C37-8011-4D7C-B92C-A86FC8CF6AA2}.Release|x86.ActiveCfg = Release|iPhoneSimulator
		{011A9C37-8011-4D7C-B92C-A86FC8CF6AA2}.Release|x86.Build.0 = Release|iPhoneSimulator
		{C5F9174B-0836-4C4A-997F-397D7F32AD19}.Ad-Hoc|Any CPU.ActiveCfg = Debug|Any CPU
		{C5F9174B-0836-4C4A-997F-397D7F32AD19}.Ad-Hoc|Any CPU.Build.0 = Debug|Any CPU
		{C5F9174B-0836-4C4A-997F-397D7F32AD19}.Ad-Hoc|ARM.ActiveCfg = Debug|Any CPU
		{C5F9174B-0836-4C4A-997F-397D7F32AD19}.Ad-Hoc|ARM.Build.0 = Debug|Any CPU
		{C5F9174B-0836-4C4A-997F-397D7F32AD19}.Ad-Hoc|iPhone.ActiveCfg = Debug|Any CPU
		{C5F9174B-0836-4C4A-997F-397D7F32AD19}.Ad-Hoc|iPhone.Build.0 = Debug|Any CPU
		{C5F9174B-0836-4C4A-997F-397D7F32AD19}.Ad-Hoc|iPhoneSimulator.ActiveCfg = Debug|Any CPU
		{C5F9174B-0836-4C4A-997F-397D7F32AD19}.Ad-Hoc|iPhoneSimulator.Build.0 = Debug|Any CPU
		{C5F9174B-0836-4C4A-997F-397D7F32AD19}.Ad-Hoc|Mixed Platforms.ActiveCfg = Debug|Any CPU
		{C5F9174B-0836-4C4A-997F-397D7F32AD19}.Ad-Hoc|Mixed Platforms.Build.0 = Debug|Any CPU
		{C5F9174B-0836-4C4A-997F-397D7F32AD19}.Ad-Hoc|x86.ActiveCfg = Debug|Any CPU
		{C5F9174B-0836-4C4A-997F-397D7F32AD19}.Ad-Hoc|x86.Build.0 = Debug|Any CPU
		{C5F9174B-0836-4C4A-997F-397D7F32AD19}.AppStore|Any CPU.ActiveCfg = Debug|Any CPU
		{C5F9174B-0836-4C4A-997F-397D7F32AD19}.AppStore|Any CPU.Build.0 = Debug|Any CPU
		{C5F9174B-0836-4C4A-997F-397D7F32AD19}.AppStore|ARM.ActiveCfg = Debug|Any CPU
		{C5F9174B-0836-4C4A-997F-397D7F32AD19}.AppStore|ARM.Build.0 = Debug|Any CPU
		{C5F9174B-0836-4C4A-997F-397D7F32AD19}.AppStore|iPhone.ActiveCfg = Debug|Any CPU
		{C5F9174B-0836-4C4A-997F-397D7F32AD19}.AppStore|iPhone.Build.0 = Debug|Any CPU
		{C5F9174B-0836-4C4A-997F-397D7F32AD19}.AppStore|iPhoneSimulator.ActiveCfg = Debug|Any CPU
		{C5F9174B-0836-4C4A-997F-397D7F32AD19}.AppStore|iPhoneSimulator.Build.0 = Debug|Any CPU
		{C5F9174B-0836-4C4A-997F-397D7F32AD19}.AppStore|Mixed Platforms.ActiveCfg = Debug|Any CPU
		{C5F9174B-0836-4C4A-997F-397D7F32AD19}.AppStore|Mixed Platforms.Build.0 = Debug|Any CPU
		{C5F9174B-0836-4C4A-997F-397D7F32AD19}.AppStore|x86.ActiveCfg = Debug|Any CPU
		{C5F9174B-0836-4C4A-997F-397D7F32AD19}.AppStore|x86.Build.0 = Debug|Any CPU
		{C5F9174B-0836-4C4A-997F-397D7F32AD19}.Debug|Any CPU.ActiveCfg = Debug|Any CPU
		{C5F9174B-0836-4C4A-997F-397D7F32AD19}.Debug|Any CPU.Build.0 = Debug|Any CPU
		{C5F9174B-0836-4C4A-997F-397D7F32AD19}.Debug|ARM.ActiveCfg = Debug|Any CPU
		{C5F9174B-0836-4C4A-997F-397D7F32AD19}.Debug|ARM.Build.0 = Debug|Any CPU
		{C5F9174B-0836-4C4A-997F-397D7F32AD19}.Debug|iPhone.ActiveCfg = Debug|Any CPU
		{C5F9174B-0836-4C4A-997F-397D7F32AD19}.Debug|iPhone.Build.0 = Debug|Any CPU
		{C5F9174B-0836-4C4A-997F-397D7F32AD19}.Debug|iPhoneSimulator.ActiveCfg = Debug|Any CPU
		{C5F9174B-0836-4C4A-997F-397D7F32AD19}.Debug|iPhoneSimulator.Build.0 = Debug|Any CPU
		{C5F9174B-0836-4C4A-997F-397D7F32AD19}.Debug|Mixed Platforms.ActiveCfg = Debug|Any CPU
		{C5F9174B-0836-4C4A-997F-397D7F32AD19}.Debug|Mixed Platforms.Build.0 = Debug|Any CPU
		{C5F9174B-0836-4C4A-997F-397D7F32AD19}.Debug|x86.ActiveCfg = Debug|Any CPU
		{C5F9174B-0836-4C4A-997F-397D7F32AD19}.Debug|x86.Build.0 = Debug|Any CPU
		{C5F9174B-0836-4C4A-997F-397D7F32AD19}.Release|Any CPU.ActiveCfg = Release|Any CPU
		{C5F9174B-0836-4C4A-997F-397D7F32AD19}.Release|Any CPU.Build.0 = Release|Any CPU
		{C5F9174B-0836-4C4A-997F-397D7F32AD19}.Release|ARM.ActiveCfg = Release|Any CPU
		{C5F9174B-0836-4C4A-997F-397D7F32AD19}.Release|ARM.Build.0 = Release|Any CPU
		{C5F9174B-0836-4C4A-997F-397D7F32AD19}.Release|iPhone.ActiveCfg = Release|Any CPU
		{C5F9174B-0836-4C4A-997F-397D7F32AD19}.Release|iPhone.Build.0 = Release|Any CPU
		{C5F9174B-0836-4C4A-997F-397D7F32AD19}.Release|iPhoneSimulator.ActiveCfg = Release|Any CPU
		{C5F9174B-0836-4C4A-997F-397D7F32AD19}.Release|iPhoneSimulator.Build.0 = Release|Any CPU
		{C5F9174B-0836-4C4A-997F-397D7F32AD19}.Release|Mixed Platforms.ActiveCfg = Release|Any CPU
		{C5F9174B-0836-4C4A-997F-397D7F32AD19}.Release|Mixed Platforms.Build.0 = Release|Any CPU
		{C5F9174B-0836-4C4A-997F-397D7F32AD19}.Release|x86.ActiveCfg = Release|Any CPU
		{C5F9174B-0836-4C4A-997F-397D7F32AD19}.Release|x86.Build.0 = Release|Any CPU
		{E127E62A-29AD-4E55-B86F-547D1501E500}.Ad-Hoc|Any CPU.ActiveCfg = Debug|Any CPU
		{E127E62A-29AD-4E55-B86F-547D1501E500}.Ad-Hoc|Any CPU.Build.0 = Debug|Any CPU
		{E127E62A-29AD-4E55-B86F-547D1501E500}.Ad-Hoc|ARM.ActiveCfg = Debug|Any CPU
		{E127E62A-29AD-4E55-B86F-547D1501E500}.Ad-Hoc|ARM.Build.0 = Debug|Any CPU
		{E127E62A-29AD-4E55-B86F-547D1501E500}.Ad-Hoc|iPhone.ActiveCfg = Debug|Any CPU
		{E127E62A-29AD-4E55-B86F-547D1501E500}.Ad-Hoc|iPhone.Build.0 = Debug|Any CPU
		{E127E62A-29AD-4E55-B86F-547D1501E500}.Ad-Hoc|iPhoneSimulator.ActiveCfg = Debug|Any CPU
		{E127E62A-29AD-4E55-B86F-547D1501E500}.Ad-Hoc|iPhoneSimulator.Build.0 = Debug|Any CPU
		{E127E62A-29AD-4E55-B86F-547D1501E500}.Ad-Hoc|Mixed Platforms.ActiveCfg = Debug|Any CPU
		{E127E62A-29AD-4E55-B86F-547D1501E500}.Ad-Hoc|Mixed Platforms.Build.0 = Debug|Any CPU
		{E127E62A-29AD-4E55-B86F-547D1501E500}.Ad-Hoc|x86.ActiveCfg = Debug|Any CPU
		{E127E62A-29AD-4E55-B86F-547D1501E500}.Ad-Hoc|x86.Build.0 = Debug|Any CPU
		{E127E62A-29AD-4E55-B86F-547D1501E500}.AppStore|Any CPU.ActiveCfg = Debug|Any CPU
		{E127E62A-29AD-4E55-B86F-547D1501E500}.AppStore|Any CPU.Build.0 = Debug|Any CPU
		{E127E62A-29AD-4E55-B86F-547D1501E500}.AppStore|ARM.ActiveCfg = Debug|Any CPU
		{E127E62A-29AD-4E55-B86F-547D1501E500}.AppStore|ARM.Build.0 = Debug|Any CPU
		{E127E62A-29AD-4E55-B86F-547D1501E500}.AppStore|iPhone.ActiveCfg = Debug|Any CPU
		{E127E62A-29AD-4E55-B86F-547D1501E500}.AppStore|iPhone.Build.0 = Debug|Any CPU
		{E127E62A-29AD-4E55-B86F-547D1501E500}.AppStore|iPhoneSimulator.ActiveCfg = Debug|Any CPU
		{E127E62A-29AD-4E55-B86F-547D1501E500}.AppStore|iPhoneSimulator.Build.0 = Debug|Any CPU
		{E127E62A-29AD-4E55-B86F-547D1501E500}.AppStore|Mixed Platforms.ActiveCfg = Debug|Any CPU
		{E127E62A-29AD-4E55-B86F-547D1501E500}.AppStore|Mixed Platforms.Build.0 = Debug|Any CPU
		{E127E62A-29AD-4E55-B86F-547D1501E500}.AppStore|x86.ActiveCfg = Debug|Any CPU
		{E127E62A-29AD-4E55-B86F-547D1501E500}.AppStore|x86.Build.0 = Debug|Any CPU
		{E127E62A-29AD-4E55-B86F-547D1501E500}.Debug|Any CPU.ActiveCfg = Debug|Any CPU
		{E127E62A-29AD-4E55-B86F-547D1501E500}.Debug|Any CPU.Build.0 = Debug|Any CPU
		{E127E62A-29AD-4E55-B86F-547D1501E500}.Debug|ARM.ActiveCfg = Debug|Any CPU
		{E127E62A-29AD-4E55-B86F-547D1501E500}.Debug|ARM.Build.0 = Debug|Any CPU
		{E127E62A-29AD-4E55-B86F-547D1501E500}.Debug|iPhone.ActiveCfg = Debug|Any CPU
		{E127E62A-29AD-4E55-B86F-547D1501E500}.Debug|iPhone.Build.0 = Debug|Any CPU
		{E127E62A-29AD-4E55-B86F-547D1501E500}.Debug|iPhoneSimulator.ActiveCfg = Debug|Any CPU
		{E127E62A-29AD-4E55-B86F-547D1501E500}.Debug|iPhoneSimulator.Build.0 = Debug|Any CPU
		{E127E62A-29AD-4E55-B86F-547D1501E500}.Debug|Mixed Platforms.ActiveCfg = Debug|Any CPU
		{E127E62A-29AD-4E55-B86F-547D1501E500}.Debug|Mixed Platforms.Build.0 = Debug|Any CPU
		{E127E62A-29AD-4E55-B86F-547D1501E500}.Debug|x86.ActiveCfg = Debug|Any CPU
		{E127E62A-29AD-4E55-B86F-547D1501E500}.Debug|x86.Build.0 = Debug|Any CPU
		{E127E62A-29AD-4E55-B86F-547D1501E500}.Release|Any CPU.ActiveCfg = Release|Any CPU
		{E127E62A-29AD-4E55-B86F-547D1501E500}.Release|Any CPU.Build.0 = Release|Any CPU
		{E127E62A-29AD-4E55-B86F-547D1501E500}.Release|ARM.ActiveCfg = Release|Any CPU
		{E127E62A-29AD-4E55-B86F-547D1501E500}.Release|ARM.Build.0 = Release|Any CPU
		{E127E62A-29AD-4E55-B86F-547D1501E500}.Release|iPhone.ActiveCfg = Release|Any CPU
		{E127E62A-29AD-4E55-B86F-547D1501E500}.Release|iPhone.Build.0 = Release|Any CPU
		{E127E62A-29AD-4E55-B86F-547D1501E500}.Release|iPhoneSimulator.ActiveCfg = Release|Any CPU
		{E127E62A-29AD-4E55-B86F-547D1501E500}.Release|iPhoneSimulator.Build.0 = Release|Any CPU
		{E127E62A-29AD-4E55-B86F-547D1501E500}.Release|Mixed Platforms.ActiveCfg = Release|Any CPU
		{E127E62A-29AD-4E55-B86F-547D1501E500}.Release|Mixed Platforms.Build.0 = Release|Any CPU
		{E127E62A-29AD-4E55-B86F-547D1501E500}.Release|x86.ActiveCfg = Release|Any CPU
		{E127E62A-29AD-4E55-B86F-547D1501E500}.Release|x86.Build.0 = Release|Any CPU
	EndGlobalSection
	GlobalSection(NestedProjects) = preSolution
	EndGlobalSection
	GlobalSection(SolutionProperties) = preSolution
		HideSolutionNode = FALSE
	EndGlobalSection
EndGlobal
