
Microsoft Visual Studio Solution File, Format Version 11.00
# Visual Studio 2010
Project("{FAE04EC0-301F-11D3-BF4B-00C04F79EFBC}") = "MarqueeLabelBinding", "MarqueeLabelBinding.csproj", "{27032A12-F8A7-49D5-B4BD-0384FAED310A}"
EndProject
Global
	GlobalSection(SolutionConfigurationPlatforms) = preSolution
		Debug|Any CPU = Debug|Any CPU
		Release|Any CPU = Release|Any CPU
	EndGlobalSection
	GlobalSection(ProjectConfigurationPlatforms) = postSolution
		{27032A12-F8A7-49D5-B4BD-0384FAED310A}.Debug|Any CPU.ActiveCfg = Debug|Any CPU
		{27032A12-F8A7-49D5-B4BD-0384FAED310A}.Debug|Any CPU.Build.0 = Debug|Any CPU
		{27032A12-F8A7-49D5-B4BD-0384FAED310A}.Release|Any CPU.ActiveCfg = Release|Any CPU
		{27032A12-F8A7-49D5-B4BD-0384FAED310A}.Release|Any CPU.Build.0 = Release|Any CPU
	EndGlobalSection
EndGlobal
