
Microsoft Visual Studio Solution File, Format Version 12.00
# Visual Studio 2012
Project("{FAE04EC0-301F-11D3-BF4B-00C04F79EFBC}") = "GitHub", "GitHub\GitHub.csproj", "{99FBD18A-B370-43AA-A619-D384B3DBB1F1}"
EndProject
Project("{FAE04EC0-301F-11D3-BF4B-00C04F79EFBC}") = "GitHub.Android", "Android\GitHub.Android.csproj", "{0194F7E9-E2E5-493C-B234-E9AFFB0C4013}"
EndProject
Global
	GlobalSection(SolutionConfigurationPlatforms) = preSolution
		Debug|Any CPU = Debug|Any CPU
		Release|Any CPU = Release|Any CPU
	EndGlobalSection
	GlobalSection(ProjectConfigurationPlatforms) = postSolution
		{0194F7E9-E2E5-493C-B234-E9AFFB0C4013}.Debug|Any CPU.ActiveCfg = Debug|Any CPU
		{0194F7E9-E2E5-493C-B234-E9AFFB0C4013}.Debug|Any CPU.Build.0 = Debug|Any CPU
		{0194F7E9-E2E5-493C-B234-E9AFFB0C4013}.Release|Any CPU.ActiveCfg = Release|Any CPU
		{0194F7E9-E2E5-493C-B234-E9AFFB0C4013}.Release|Any CPU.Build.0 = Release|Any CPU
		{99FBD18A-B370-43AA-A619-D384B3DBB1F1}.Debug|Any CPU.ActiveCfg = Debug|Any CPU
		{99FBD18A-B370-43AA-A619-D384B3DBB1F1}.Debug|Any CPU.Build.0 = Debug|Any CPU
		{99FBD18A-B370-43AA-A619-D384B3DBB1F1}.Release|Any CPU.ActiveCfg = Release|Any CPU
		{99FBD18A-B370-43AA-A619-D384B3DBB1F1}.Release|Any CPU.Build.0 = Release|Any CPU
	EndGlobalSection
	GlobalSection(MonoDevelopProperties) = preSolution
		StartupItem = GitHub\GitHub.csproj
	EndGlobalSection
EndGlobal
