
Microsoft Visual Studio Solution File, Format Version 12.00
# Visual Studio 2012
VisualStudioVersion = 12.0.30723.0
MinimumVisualStudioVersion = 10.0.40219.1
Project("{FAE04EC0-301F-11D3-BF4B-00C04F79EFBC}") = "DeviceEncryption", "DeviceEncryption\DeviceEncryption.csproj", "{5D5FA5E3-86E6-4DE8-A476-25700639FD6B}"
EndProject
Project("{FAE04EC0-301F-11D3-BF4B-00C04F79EFBC}") = "DeviceEncryption.Android", "Android\DeviceEncryption.Android.csproj", "{1E62312D-FB10-48D8-97D8-79FF1FFAF7F3}"
EndProject
Project("{FAE04EC0-301F-11D3-BF4B-00C04F79EFBC}") = "DeviceEncryption.iOS", "iOS\DeviceEncryption.iOS.csproj", "{4AA92BBC-E27D-4AFD-BCA2-48DFECE1A9AA}"
EndProject
Global
	GlobalSection(SolutionConfigurationPlatforms) = preSolution
		Ad-Hoc|Any CPU = Ad-Hoc|Any CPU
		Ad-Hoc|iPhone = Ad-Hoc|iPhone
		Ad-Hoc|iPhoneSimulator = Ad-Hoc|iPhoneSimulator
		Ad-Hoc|Mixed Platforms = Ad-Hoc|Mixed Platforms
		AppStore|Any CPU = AppStore|Any CPU
		AppStore|iPhone = AppStore|iPhone
		AppStore|iPhoneSimulator = AppStore|iPhoneSimulator
		AppStore|Mixed Platforms = AppStore|Mixed Platforms
		Debug|Any CPU = Debug|Any CPU
		Debug|iPhone = Debug|iPhone
		Debug|iPhoneSimulator = Debug|iPhoneSimulator
		Debug|Mixed Platforms = Debug|Mixed Platforms
		Release|Any CPU = Release|Any CPU
		Release|iPhone = Release|iPhone
		Release|iPhoneSimulator = Release|iPhoneSimulator
		Release|Mixed Platforms = Release|Mixed Platforms
	EndGlobalSection
	GlobalSection(ProjectConfigurationPlatforms) = postSolution
		{1E62312D-FB10-48D8-97D8-79FF1FFAF7F3}.Ad-Hoc|Any CPU.ActiveCfg = Release|Any CPU
		{1E62312D-FB10-48D8-97D8-79FF1FFAF7F3}.Ad-Hoc|Any CPU.Build.0 = Release|Any CPU
		{1E62312D-FB10-48D8-97D8-79FF1FFAF7F3}.Ad-Hoc|Any CPU.Deploy.0 = Release|Any CPU
		{1E62312D-FB10-48D8-97D8-79FF1FFAF7F3}.Ad-Hoc|iPhone.ActiveCfg = Release|Any CPU
		{1E62312D-FB10-48D8-97D8-79FF1FFAF7F3}.Ad-Hoc|iPhoneSimulator.ActiveCfg = Release|Any CPU
		{1E62312D-FB10-48D8-97D8-79FF1FFAF7F3}.Ad-Hoc|Mixed Platforms.ActiveCfg = Release|Any CPU
		{1E62312D-FB10-48D8-97D8-79FF1FFAF7F3}.Ad-Hoc|Mixed Platforms.Build.0 = Release|Any CPU
		{1E62312D-FB10-48D8-97D8-79FF1FFAF7F3}.Ad-Hoc|Mixed Platforms.Deploy.0 = Release|Any CPU
		{1E62312D-FB10-48D8-97D8-79FF1FFAF7F3}.AppStore|Any CPU.ActiveCfg = Release|Any CPU
		{1E62312D-FB10-48D8-97D8-79FF1FFAF7F3}.AppStore|Any CPU.Build.0 = Release|Any CPU
		{1E62312D-FB10-48D8-97D8-79FF1FFAF7F3}.AppStore|Any CPU.Deploy.0 = Release|Any CPU
		{1E62312D-FB10-48D8-97D8-79FF1FFAF7F3}.AppStore|iPhone.ActiveCfg = Release|Any CPU
		{1E62312D-FB10-48D8-97D8-79FF1FFAF7F3}.AppStore|iPhoneSimulator.ActiveCfg = Release|Any CPU
		{1E62312D-FB10-48D8-97D8-79FF1FFAF7F3}.AppStore|Mixed Platforms.ActiveCfg = Release|Any CPU
		{1E62312D-FB10-48D8-97D8-79FF1FFAF7F3}.AppStore|Mixed Platforms.Build.0 = Release|Any CPU
		{1E62312D-FB10-48D8-97D8-79FF1FFAF7F3}.AppStore|Mixed Platforms.Deploy.0 = Release|Any CPU
		{1E62312D-FB10-48D8-97D8-79FF1FFAF7F3}.Debug|Any CPU.ActiveCfg = Debug|Any CPU
		{1E62312D-FB10-48D8-97D8-79FF1FFAF7F3}.Debug|Any CPU.Build.0 = Debug|Any CPU
		{1E62312D-FB10-48D8-97D8-79FF1FFAF7F3}.Debug|iPhone.ActiveCfg = Debug|Any CPU
		{1E62312D-FB10-48D8-97D8-79FF1FFAF7F3}.Debug|iPhoneSimulator.ActiveCfg = Debug|Any CPU
		{1E62312D-FB10-48D8-97D8-79FF1FFAF7F3}.Debug|Mixed Platforms.ActiveCfg = Debug|Any CPU
		{1E62312D-FB10-48D8-97D8-79FF1FFAF7F3}.Debug|Mixed Platforms.Build.0 = Debug|Any CPU
		{1E62312D-FB10-48D8-97D8-79FF1FFAF7F3}.Debug|Mixed Platforms.Deploy.0 = Debug|Any CPU
		{1E62312D-FB10-48D8-97D8-79FF1FFAF7F3}.Release|Any CPU.ActiveCfg = Release|Any CPU
		{1E62312D-FB10-48D8-97D8-79FF1FFAF7F3}.Release|Any CPU.Build.0 = Release|Any CPU
		{1E62312D-FB10-48D8-97D8-79FF1FFAF7F3}.Release|iPhone.ActiveCfg = Release|Any CPU
		{1E62312D-FB10-48D8-97D8-79FF1FFAF7F3}.Release|iPhoneSimulator.ActiveCfg = Release|Any CPU
		{1E62312D-FB10-48D8-97D8-79FF1FFAF7F3}.Release|Mixed Platforms.ActiveCfg = Release|Any CPU
		{1E62312D-FB10-48D8-97D8-79FF1FFAF7F3}.Release|Mixed Platforms.Build.0 = Release|Any CPU
		{1E62312D-FB10-48D8-97D8-79FF1FFAF7F3}.Release|Mixed Platforms.Deploy.0 = Release|Any CPU
		{4AA92BBC-E27D-4AFD-BCA2-48DFECE1A9AA}.Ad-Hoc|Any CPU.ActiveCfg = Ad-Hoc|iPhone
		{4AA92BBC-E27D-4AFD-BCA2-48DFECE1A9AA}.Ad-Hoc|iPhone.ActiveCfg = Ad-Hoc|iPhone
		{4AA92BBC-E27D-4AFD-BCA2-48DFECE1A9AA}.Ad-Hoc|iPhone.Build.0 = Ad-Hoc|iPhone
		{4AA92BBC-E27D-4AFD-BCA2-48DFECE1A9AA}.Ad-Hoc|iPhoneSimulator.ActiveCfg = Ad-Hoc|iPhoneSimulator
		{4AA92BBC-E27D-4AFD-BCA2-48DFECE1A9AA}.Ad-Hoc|iPhoneSimulator.Build.0 = Ad-Hoc|iPhoneSimulator
		{4AA92BBC-E27D-4AFD-BCA2-48DFECE1A9AA}.Ad-Hoc|Mixed Platforms.ActiveCfg = Ad-Hoc|iPhone
		{4AA92BBC-E27D-4AFD-BCA2-48DFECE1A9AA}.Ad-Hoc|Mixed Platforms.Build.0 = Ad-Hoc|iPhone
		{4AA92BBC-E27D-4AFD-BCA2-48DFECE1A9AA}.AppStore|Any CPU.ActiveCfg = AppStore|iPhone
		{4AA92BBC-E27D-4AFD-BCA2-48DFECE1A9AA}.AppStore|iPhone.ActiveCfg = AppStore|iPhone
		{4AA92BBC-E27D-4AFD-BCA2-48DFECE1A9AA}.AppStore|iPhone.Build.0 = AppStore|iPhone
		{4AA92BBC-E27D-4AFD-BCA2-48DFECE1A9AA}.AppStore|iPhoneSimulator.ActiveCfg = AppStore|iPhoneSimulator
		{4AA92BBC-E27D-4AFD-BCA2-48DFECE1A9AA}.AppStore|iPhoneSimulator.Build.0 = AppStore|iPhoneSimulator
		{4AA92BBC-E27D-4AFD-BCA2-48DFECE1A9AA}.AppStore|Mixed Platforms.ActiveCfg = AppStore|iPhone
		{4AA92BBC-E27D-4AFD-BCA2-48DFECE1A9AA}.AppStore|Mixed Platforms.Build.0 = AppStore|iPhone
		{4AA92BBC-E27D-4AFD-BCA2-48DFECE1A9AA}.Debug|Any CPU.ActiveCfg = Debug|iPhone
		{4AA92BBC-E27D-4AFD-BCA2-48DFECE1A9AA}.Debug|iPhone.ActiveCfg = Debug|iPhone
		{4AA92BBC-E27D-4AFD-BCA2-48DFECE1A9AA}.Debug|iPhone.Build.0 = Debug|iPhone
		{4AA92BBC-E27D-4AFD-BCA2-48DFECE1A9AA}.Debug|iPhoneSimulator.ActiveCfg = Debug|iPhoneSimulator
		{4AA92BBC-E27D-4AFD-BCA2-48DFECE1A9AA}.Debug|iPhoneSimulator.Build.0 = Debug|iPhoneSimulator
		{4AA92BBC-E27D-4AFD-BCA2-48DFECE1A9AA}.Debug|Mixed Platforms.ActiveCfg = Debug|iPhone
		{4AA92BBC-E27D-4AFD-BCA2-48DFECE1A9AA}.Debug|Mixed Platforms.Build.0 = Debug|iPhone
		{4AA92BBC-E27D-4AFD-BCA2-48DFECE1A9AA}.Release|Any CPU.ActiveCfg = Release|iPhone
		{4AA92BBC-E27D-4AFD-BCA2-48DFECE1A9AA}.Release|iPhone.ActiveCfg = Release|iPhone
		{4AA92BBC-E27D-4AFD-BCA2-48DFECE1A9AA}.Release|iPhone.Build.0 = Release|iPhone
		{4AA92BBC-E27D-4AFD-BCA2-48DFECE1A9AA}.Release|iPhoneSimulator.ActiveCfg = Release|iPhoneSimulator
		{4AA92BBC-E27D-4AFD-BCA2-48DFECE1A9AA}.Release|iPhoneSimulator.Build.0 = Release|iPhoneSimulator
		{4AA92BBC-E27D-4AFD-BCA2-48DFECE1A9AA}.Release|Mixed Platforms.ActiveCfg = Release|iPhone
		{4AA92BBC-E27D-4AFD-BCA2-48DFECE1A9AA}.Release|Mixed Platforms.Build.0 = Release|iPhone
		{5D5FA5E3-86E6-4DE8-A476-25700639FD6B}.Ad-Hoc|Any CPU.ActiveCfg = Release|Any CPU
		{5D5FA5E3-86E6-4DE8-A476-25700639FD6B}.Ad-Hoc|Any CPU.Build.0 = Release|Any CPU
		{5D5FA5E3-86E6-4DE8-A476-25700639FD6B}.Ad-Hoc|iPhone.ActiveCfg = Release|Any CPU
		{5D5FA5E3-86E6-4DE8-A476-25700639FD6B}.Ad-Hoc|iPhoneSimulator.ActiveCfg = Release|Any CPU
		{5D5FA5E3-86E6-4DE8-A476-25700639FD6B}.Ad-Hoc|Mixed Platforms.ActiveCfg = Release|Any CPU
		{5D5FA5E3-86E6-4DE8-A476-25700639FD6B}.Ad-Hoc|Mixed Platforms.Build.0 = Release|Any CPU
		{5D5FA5E3-86E6-4DE8-A476-25700639FD6B}.AppStore|Any CPU.ActiveCfg = Release|Any CPU
		{5D5FA5E3-86E6-4DE8-A476-25700639FD6B}.AppStore|Any CPU.Build.0 = Release|Any CPU
		{5D5FA5E3-86E6-4DE8-A476-25700639FD6B}.AppStore|iPhone.ActiveCfg = Release|Any CPU
		{5D5FA5E3-86E6-4DE8-A476-25700639FD6B}.AppStore|iPhoneSimulator.ActiveCfg = Release|Any CPU
		{5D5FA5E3-86E6-4DE8-A476-25700639FD6B}.AppStore|Mixed Platforms.ActiveCfg = Release|Any CPU
		{5D5FA5E3-86E6-4DE8-A476-25700639FD6B}.AppStore|Mixed Platforms.Build.0 = Release|Any CPU
		{5D5FA5E3-86E6-4DE8-A476-25700639FD6B}.Debug|Any CPU.ActiveCfg = Debug|Any CPU
		{5D5FA5E3-86E6-4DE8-A476-25700639FD6B}.Debug|Any CPU.Build.0 = Debug|Any CPU
		{5D5FA5E3-86E6-4DE8-A476-25700639FD6B}.Debug|iPhone.ActiveCfg = Debug|Any CPU
		{5D5FA5E3-86E6-4DE8-A476-25700639FD6B}.Debug|iPhone.Build.0 = Debug|Any CPU
		{5D5FA5E3-86E6-4DE8-A476-25700639FD6B}.Debug|iPhoneSimulator.ActiveCfg = Debug|Any CPU
		{5D5FA5E3-86E6-4DE8-A476-25700639FD6B}.Debug|iPhoneSimulator.Build.0 = Debug|Any CPU
		{5D5FA5E3-86E6-4DE8-A476-25700639FD6B}.Debug|Mixed Platforms.ActiveCfg = Debug|Any CPU
		{5D5FA5E3-86E6-4DE8-A476-25700639FD6B}.Debug|Mixed Platforms.Build.0 = Debug|Any CPU
		{5D5FA5E3-86E6-4DE8-A476-25700639FD6B}.Release|Any CPU.ActiveCfg = Release|Any CPU
		{5D5FA5E3-86E6-4DE8-A476-25700639FD6B}.Release|Any CPU.Build.0 = Release|Any CPU
		{5D5FA5E3-86E6-4DE8-A476-25700639FD6B}.Release|iPhone.ActiveCfg = Release|Any CPU
		{5D5FA5E3-86E6-4DE8-A476-25700639FD6B}.Release|iPhoneSimulator.ActiveCfg = Release|Any CPU
		{5D5FA5E3-86E6-4DE8-A476-25700639FD6B}.Release|Mixed Platforms.ActiveCfg = Release|Any CPU
		{5D5FA5E3-86E6-4DE8-A476-25700639FD6B}.Release|Mixed Platforms.Build.0 = Release|Any CPU
	EndGlobalSection
	GlobalSection(MonoDevelopProperties) = preSolution
		StartupItem = iOS\DeviceEncryption.iOS.csproj
	EndGlobalSection
	GlobalSection(SolutionProperties) = preSolution
		HideSolutionNode = FALSE
	EndGlobalSection
EndGlobal
